// !$*UTF8*$!
{
	archiveVersion = 1;
	classes = {
	};
	objectVersion = 52;
	objects = {

/* Begin PBXBuildFile section */
		450E6C7B22C1117700834386 /* Tree in Frameworks */ = {isa = PBXBuildFile; productRef = 450E6C7A22C1117700834386 /* Tree */; };
		450E6C8522C1167400834386 /* PDUndoRedoRepository.swift in Sources */ = {isa = PBXBuildFile; fileRef = 4591BA7222BC3CDD0052039C /* PDUndoRedoRepository.swift */; };
		450E6C8822C1167400834386 /* CompressingTime.swift in Sources */ = {isa = PBXBuildFile; fileRef = 45D8F48F22BB9C270096E6BF /* CompressingTime.swift */; };
		450E6C8B22C1167400834386 /* PDListRepository.swift in Sources */ = {isa = PBXBuildFile; fileRef = 45A12D9622BF6E5F004DFDAF /* PDListRepository.swift */; };
		450E6C8D22C1167400834386 /* PDUndoRedo.swift in Sources */ = {isa = PBXBuildFile; fileRef = 4548E2E822BB6FC50099E410 /* PDUndoRedo.swift */; };
		450E6C8E22C1167400834386 /* PDTimestamp.swift in Sources */ = {isa = PBXBuildFile; fileRef = 45D8F49122BBA5B10096E6BF /* PDTimestamp.swift */; };
		4546647022C7B35E002BD139 /* PDDiffUtilTest.swift in Sources */ = {isa = PBXBuildFile; fileRef = 4546646F22C7B35E002BD139 /* PDDiffUtilTest.swift */; };
		4548E31122BB91D10099E410 /* PDTest.swift in Sources */ = {isa = PBXBuildFile; fileRef = 4548E31022BB91D10099E410 /* PDTest.swift */; };
		4548E31322BB91D10099E410 /* libPD.a in Frameworks */ = {isa = PBXBuildFile; fileRef = 45DE46B322B8FED7006DAC40 /* libPD.a */; };
		454EA3E522C60AE60043E99D /* PDListTreeRepository.swift in Sources */ = {isa = PBXBuildFile; fileRef = 454EA3E422C60AE60043E99D /* PDListTreeRepository.swift */; };
		45639C9522C1EFC800C0DD71 /* PDListStep.swift in Sources */ = {isa = PBXBuildFile; fileRef = 45639C9422C1EFC800C0DD71 /* PDListStep.swift */; };
		45639C9722C2248F00C0DD71 /* PDTimeline.swift in Sources */ = {isa = PBXBuildFile; fileRef = 45639C9622C2248F00C0DD71 /* PDTimeline.swift */; };
		45639C9922C2274C00C0DD71 /* PDTimeline.points.swift in Sources */ = {isa = PBXBuildFile; fileRef = 45639C9822C2274C00C0DD71 /* PDTimeline.points.swift */; };
		45639C9B22C2281200C0DD71 /* PDTimeline.steps.swift in Sources */ = {isa = PBXBuildFile; fileRef = 45639C9A22C2281200C0DD71 /* PDTimeline.steps.swift */; };
		45639C9F22C22EB700C0DD71 /* PDReplayingProtocol.swift in Sources */ = {isa = PBXBuildFile; fileRef = 45639C9E22C22EB700C0DD71 /* PDReplayingProtocol.swift */; };
		45639CA122C22F1100C0DD71 /* PDRepositoryProtocol.swift in Sources */ = {isa = PBXBuildFile; fileRef = 45639CA022C22F1100C0DD71 /* PDRepositoryProtocol.swift */; };
		45639CA322C2350300C0DD71 /* PDMapTreeProtocol.swift in Sources */ = {isa = PBXBuildFile; fileRef = 45639CA222C2350300C0DD71 /* PDMapTreeProtocol.swift */; };
		45639CDF22C3205500C0DD71 /* PDOrderedMapTreeRepository.swift in Sources */ = {isa = PBXBuildFile; fileRef = 45639CDE22C3205500C0DD71 /* PDOrderedMapTreeRepository.swift */; };
		45639CE622C3208B00C0DD71 /* PDOrderedMapTreeStep.swift in Sources */ = {isa = PBXBuildFile; fileRef = 45639CE522C3208B00C0DD71 /* PDOrderedMapTreeStep.swift */; };
		4569EB0122BBC3B100782C6A /* PDSumListTest.swift in Sources */ = {isa = PBXBuildFile; fileRef = 4569EB0022BBC3B100782C6A /* PDSumListTest.swift */; };
		4586D33822C138C000779050 /* PDOrderedMapRepo.swift in Sources */ = {isa = PBXBuildFile; fileRef = 4586D33722C138C000779050 /* PDOrderedMapRepo.swift */; };
		4586D33A22C138CE00779050 /* PDOrderedMapProtocol.swift in Sources */ = {isa = PBXBuildFile; fileRef = 4586D33922C138CE00779050 /* PDOrderedMapProtocol.swift */; };
		4586D33C22C1393C00779050 /* PDOrderedMap.swift in Sources */ = {isa = PBXBuildFile; fileRef = 4586D33B22C1393C00779050 /* PDOrderedMap.swift */; };
		4591BA7722BC4F990052039C /* TreeTest.swift in Sources */ = {isa = PBXBuildFile; fileRef = 4591BA7622BC4F990052039C /* TreeTest.swift */; };
		459D75D522C476FB00CE5841 /* PDOrderedMapTreeStep.lazy.swift in Sources */ = {isa = PBXBuildFile; fileRef = 459D75D422C476FB00CE5841 /* PDOrderedMapTreeStep.lazy.swift */; };
		459D75F622C4C6F100CE5841 /* PDKVLTRepository.swift in Sources */ = {isa = PBXBuildFile; fileRef = 459D75F522C4C6F100CE5841 /* PDKVLTRepository.swift */; };
		459D75FD22C4C88E00CE5841 /* PDTimelineStepPoint.swift in Sources */ = {isa = PBXBuildFile; fileRef = 459D75FC22C4C88E00CE5841 /* PDTimelineStepPoint.swift */; };
		45A0888E22BA7A43000628D0 /* Export.swift in Sources */ = {isa = PBXBuildFile; fileRef = 45A0888D22BA7A43000628D0 /* Export.swift */; };
		45AC27F722C862110020C5BE /* PDListRepository.lazy.swift in Sources */ = {isa = PBXBuildFile; fileRef = 45AC27F622C862110020C5BE /* PDListRepository.lazy.swift */; };
		45AC27FB22C862B40020C5BE /* PDTimelineProtocol.lazy.swift in Sources */ = {isa = PBXBuildFile; fileRef = 45AC27FA22C862B40020C5BE /* PDTimelineProtocol.lazy.swift */; };
		45AC27FD22C862EC0020C5BE /* PDTimelineProtocol.swift in Sources */ = {isa = PBXBuildFile; fileRef = 45AC27FC22C862EC0020C5BE /* PDTimelineProtocol.swift */; };
		45AC280022C86A9C0020C5BE /* PDRepositoryProtocol.lazy.swift in Sources */ = {isa = PBXBuildFile; fileRef = 45AC27FF22C86A9C0020C5BE /* PDRepositoryProtocol.lazy.swift */; };
		45AC280222C86ACA0020C5BE /* PDLazy.swift in Sources */ = {isa = PBXBuildFile; fileRef = 45AC280122C86ACA0020C5BE /* PDLazy.swift */; };
		45AC280822C879DE0020C5BE /* PDListRepository.flatten.swift in Sources */ = {isa = PBXBuildFile; fileRef = 45AC280722C879DE0020C5BE /* PDListRepository.flatten.swift */; };
		45AC280A22C87C8B0020C5BE /* PDStepGroupingListRepository.swift in Sources */ = {isa = PBXBuildFile; fileRef = 45AC280922C87C8B0020C5BE /* PDStepGroupingListRepository.swift */; };
		45AC281222C8B0CB0020C5BE /* PDTimelineStepProtocol.swift in Sources */ = {isa = PBXBuildFile; fileRef = 45AC281122C8B0CB0020C5BE /* PDTimelineStepProtocol.swift */; };
		45AC281422C8B17A0020C5BE /* PDListStep.lazy.swift in Sources */ = {isa = PBXBuildFile; fileRef = 45AC281322C8B17A0020C5BE /* PDListStep.lazy.swift */; };
		45AC281922C8C63A0020C5BE /* PDListRepositoryProtocol.swift in Sources */ = {isa = PBXBuildFile; fileRef = 45AC281822C8C63A0020C5BE /* PDListRepositoryProtocol.swift */; };
		45AC281D22C8C8AB0020C5BE /* PDListStepPoint.swift in Sources */ = {isa = PBXBuildFile; fileRef = 45AC281C22C8C8AB0020C5BE /* PDListStepPoint.swift */; };
		45AC282322C8CE130020C5BE /* PDLazyRepository.swift in Sources */ = {isa = PBXBuildFile; fileRef = 45AC282222C8CE130020C5BE /* PDLazyRepository.swift */; };
		45AC282722C8D8470020C5BE /* PDX.swift in Sources */ = {isa = PBXBuildFile; fileRef = 45AC282622C8D8470020C5BE /* PDX.swift */; };
		45AC282922C8EBC70020C5BE /* PDXTest.swift in Sources */ = {isa = PBXBuildFile; fileRef = 45AC282822C8EBC70020C5BE /* PDXTest.swift */; };
		45AC282B22C8F5E00020C5BE /* PDLazyListRepository.swift in Sources */ = {isa = PBXBuildFile; fileRef = 45AC282A22C8F5E00020C5BE /* PDLazyListRepository.swift */; };
		45AC282D22C8FC220020C5BE /* PDListTransmission.swift in Sources */ = {isa = PBXBuildFile; fileRef = 45AC282C22C8FC220020C5BE /* PDListTransmission.swift */; };
		45AC282F22C903E00020C5BE /* PDX2.swift in Sources */ = {isa = PBXBuildFile; fileRef = 45AC282E22C903E00020C5BE /* PDX2.swift */; };
		45AC283122C910290020C5BE /* PDAnyListRepository.swift in Sources */ = {isa = PBXBuildFile; fileRef = 45AC283022C910290020C5BE /* PDAnyListRepository.swift */; };
		45AC283322C915A70020C5BE /* PDAnyTimeline.swift in Sources */ = {isa = PBXBuildFile; fileRef = 45AC283222C915A70020C5BE /* PDAnyTimeline.swift */; };
		45AC283722C9198F0020C5BE /* PDAnyList.swift in Sources */ = {isa = PBXBuildFile; fileRef = 45AC283622C9198F0020C5BE /* PDAnyList.swift */; };
		45AC283922C995EF0020C5BE /* PDListRepository.transit.swift in Sources */ = {isa = PBXBuildFile; fileRef = 45AC283822C995EF0020C5BE /* PDListRepository.transit.swift */; };
		45AC283B22C9A3CB0020C5BE /* PDListRepository.replay.swift in Sources */ = {isa = PBXBuildFile; fileRef = 45AC283A22C9A3CB0020C5BE /* PDListRepository.replay.swift */; };
		45AC284522C9AD970020C5BE /* PDListRepositoryTransitTest.swift in Sources */ = {isa = PBXBuildFile; fileRef = 45AC284422C9AD970020C5BE /* PDListRepositoryTransitTest.swift */; };
		45AC284722C9B8A80020C5BE /* PDListRepositoryTest.swift in Sources */ = {isa = PBXBuildFile; fileRef = 45AC284622C9B8A80020C5BE /* PDListRepositoryTest.swift */; };
		45AC284B22C9BD6F0020C5BE /* PDListTreeRepository.transit.swift in Sources */ = {isa = PBXBuildFile; fileRef = 45AC284A22C9BD6F0020C5BE /* PDListTreeRepository.transit.swift */; };
		45AC284D22C9BE430020C5BE /* PDListTreeRepository.replay.swift in Sources */ = {isa = PBXBuildFile; fileRef = 45AC284C22C9BE430020C5BE /* PDListTreeRepository.replay.swift */; };
		45AC284F22C9CBC60020C5BE /* PDListTreeRepositoryTransitTest.swift in Sources */ = {isa = PBXBuildFile; fileRef = 45AC284E22C9CBC60020C5BE /* PDListTreeRepositoryTransitTest.swift */; };
		45D8F49422BBA9000096E6BF /* PD2Timeline.extension.swift in Sources */ = {isa = PBXBuildFile; fileRef = 45D8F49322BBA9000096E6BF /* PD2Timeline.extension.swift */; };
		45ECB14B22C76ACE00013698 /* PDListTreeRepositoryTest.swift in Sources */ = {isa = PBXBuildFile; fileRef = 45ECB14A22C76ACE00013698 /* PDListTreeRepositoryTest.swift */; };
		45ECB1BF22C7AD5900013698 /* PDListTreeDiffUtil.swift in Sources */ = {isa = PBXBuildFile; fileRef = 45ECB1BE22C7AD5900013698 /* PDListTreeDiffUtil.swift */; };
		45ECB1C722C7AD8700013698 /* DifferenceKit in Frameworks */ = {isa = PBXBuildFile; productRef = 45ECB1C622C7AD8700013698 /* DifferenceKit */; };
		45ECB1CB22C7AD9C00013698 /* DifferenceKit in Frameworks */ = {isa = PBXBuildFile; productRef = 45ECB1CA22C7AD9C00013698 /* DifferenceKit */; };
/* End PBXBuildFile section */

/* Begin PBXContainerItemProxy section */
		4548E31422BB91D10099E410 /* PBXContainerItemProxy */ = {
			isa = PBXContainerItemProxy;
			containerPortal = 45DE46A922B8FEC1006DAC40 /* Project object */;
			proxyType = 1;
			remoteGlobalIDString = 45DE46B222B8FED7006DAC40;
			remoteInfo = PD;
		};
/* End PBXContainerItemProxy section */

/* Begin PBXCopyFilesBuildPhase section */
		45A12E7022C08A38004DFDAF /* Embed Frameworks */ = {
			isa = PBXCopyFilesBuildPhase;
			buildActionMask = 2147483647;
			dstPath = "";
			dstSubfolderSpec = 10;
			files = (
			);
			name = "Embed Frameworks";
			runOnlyForDeploymentPostprocessing = 0;
		};
		45A12E7522C08A6D004DFDAF /* Embed Frameworks */ = {
			isa = PBXCopyFilesBuildPhase;
			buildActionMask = 2147483647;
			dstPath = "";
			dstSubfolderSpec = 10;
			files = (
			);
			name = "Embed Frameworks";
			runOnlyForDeploymentPostprocessing = 0;
		};
/* End PBXCopyFilesBuildPhase section */

/* Begin PBXFileReference section */
		4546646F22C7B35E002BD139 /* PDDiffUtilTest.swift */ = {isa = PBXFileReference; lastKnownFileType = sourcecode.swift; path = PDDiffUtilTest.swift; sourceTree = "<group>"; };
		4548E2B022BAA79A0099E410 /* Package.swift */ = {isa = PBXFileReference; lastKnownFileType = sourcecode.swift; path = Package.swift; sourceTree = "<group>"; };
		4548E2D222BB4F1F0099E410 /* PDTimeline.swift */ = {isa = PBXFileReference; lastKnownFileType = sourcecode.swift; path = PDTimeline.swift; sourceTree = "<group>"; };
		4548E2E022BB6D340099E410 /* PDRepositoryProtocol.swift */ = {isa = PBXFileReference; lastKnownFileType = sourcecode.swift; path = PDRepositoryProtocol.swift; sourceTree = "<group>"; };
		4548E2E822BB6FC50099E410 /* PDUndoRedo.swift */ = {isa = PBXFileReference; lastKnownFileType = sourcecode.swift; path = PDUndoRedo.swift; sourceTree = "<group>"; };
		4548E2EF22BB88440099E410 /* PDReplayingProtocol.swift */ = {isa = PBXFileReference; lastKnownFileType = sourcecode.swift; path = PDReplayingProtocol.swift; sourceTree = "<group>"; };
		4548E30E22BB91D10099E410 /* PDTest.xctest */ = {isa = PBXFileReference; explicitFileType = wrapper.cfbundle; includeInIndex = 0; path = PDTest.xctest; sourceTree = BUILT_PRODUCTS_DIR; };
		4548E31022BB91D10099E410 /* PDTest.swift */ = {isa = PBXFileReference; lastKnownFileType = sourcecode.swift; path = PDTest.swift; sourceTree = "<group>"; };
		4548E31222BB91D10099E410 /* Info.plist */ = {isa = PBXFileReference; lastKnownFileType = text.plist.xml; path = Info.plist; sourceTree = "<group>"; };
		454EA3E422C60AE60043E99D /* PDListTreeRepository.swift */ = {isa = PBXFileReference; lastKnownFileType = sourcecode.swift; path = PDListTreeRepository.swift; sourceTree = "<group>"; };
		45639C1122C1B6AA00C0DD71 /* PDUnorderedMapTreeRepository.swift */ = {isa = PBXFileReference; lastKnownFileType = sourcecode.swift; path = PDUnorderedMapTreeRepository.swift; sourceTree = "<group>"; };
		45639C2722C1C4B300C0DD71 /* PDOrderedMapTreeRepository.swift */ = {isa = PBXFileReference; lastKnownFileType = sourcecode.swift; path = PDOrderedMapTreeRepository.swift; sourceTree = "<group>"; };
		45639C8D22C1EC6900C0DD71 /* PDOrderedMapTreeStep.swift */ = {isa = PBXFileReference; lastKnownFileType = sourcecode.swift; path = PDOrderedMapTreeStep.swift; sourceTree = "<group>"; };
		45639C9422C1EFC800C0DD71 /* PDListStep.swift */ = {isa = PBXFileReference; lastKnownFileType = sourcecode.swift; path = PDListStep.swift; sourceTree = "<group>"; };
		45639C9622C2248F00C0DD71 /* PDTimeline.swift */ = {isa = PBXFileReference; lastKnownFileType = sourcecode.swift; path = PDTimeline.swift; sourceTree = "<group>"; };
		45639C9822C2274C00C0DD71 /* PDTimeline.points.swift */ = {isa = PBXFileReference; lastKnownFileType = sourcecode.swift; path = PDTimeline.points.swift; sourceTree = "<group>"; };
		45639C9A22C2281200C0DD71 /* PDTimeline.steps.swift */ = {isa = PBXFileReference; lastKnownFileType = sourcecode.swift; path = PDTimeline.steps.swift; sourceTree = "<group>"; };
		45639C9E22C22EB700C0DD71 /* PDReplayingProtocol.swift */ = {isa = PBXFileReference; lastKnownFileType = sourcecode.swift; path = PDReplayingProtocol.swift; sourceTree = "<group>"; };
		45639CA022C22F1100C0DD71 /* PDRepositoryProtocol.swift */ = {isa = PBXFileReference; lastKnownFileType = sourcecode.swift; path = PDRepositoryProtocol.swift; sourceTree = "<group>"; };
		45639CA222C2350300C0DD71 /* PDMapTreeProtocol.swift */ = {isa = PBXFileReference; lastKnownFileType = sourcecode.swift; path = PDMapTreeProtocol.swift; sourceTree = "<group>"; };
		45639CA422C2352100C0DD71 /* PDUnorderedMapTreeStep.swift */ = {isa = PBXFileReference; lastKnownFileType = sourcecode.swift; path = PDUnorderedMapTreeStep.swift; sourceTree = "<group>"; };
		45639CDE22C3205500C0DD71 /* PDOrderedMapTreeRepository.swift */ = {isa = PBXFileReference; lastKnownFileType = sourcecode.swift; path = PDOrderedMapTreeRepository.swift; sourceTree = "<group>"; };
		45639CE522C3208B00C0DD71 /* PDOrderedMapTreeStep.swift */ = {isa = PBXFileReference; lastKnownFileType = sourcecode.swift; path = PDOrderedMapTreeStep.swift; sourceTree = "<group>"; };
		4569EAE722BBAEC400782C6A /* PDSnapshotProtocol.swift */ = {isa = PBXFileReference; lastKnownFileType = sourcecode.swift; path = PDSnapshotProtocol.swift; sourceTree = "<group>"; };
		4569EB0022BBC3B100782C6A /* PDSumListTest.swift */ = {isa = PBXFileReference; lastKnownFileType = sourcecode.swift; path = PDSumListTest.swift; sourceTree = "<group>"; };
		4586D33722C138C000779050 /* PDOrderedMapRepo.swift */ = {isa = PBXFileReference; lastKnownFileType = sourcecode.swift; path = PDOrderedMapRepo.swift; sourceTree = "<group>"; };
		4586D33922C138CE00779050 /* PDOrderedMapProtocol.swift */ = {isa = PBXFileReference; lastKnownFileType = sourcecode.swift; path = PDOrderedMapProtocol.swift; sourceTree = "<group>"; };
		4586D33B22C1393C00779050 /* PDOrderedMap.swift */ = {isa = PBXFileReference; lastKnownFileType = sourcecode.swift; path = PDOrderedMap.swift; sourceTree = "<group>"; };
		4586D33D22C13B9700779050 /* PDTimeline.util.swift */ = {isa = PBXFileReference; lastKnownFileType = sourcecode.swift; path = PDTimeline.util.swift; sourceTree = "<group>"; };
		4591BA7222BC3CDD0052039C /* PDUndoRedoRepository.swift */ = {isa = PBXFileReference; lastKnownFileType = sourcecode.swift; path = PDUndoRedoRepository.swift; sourceTree = "<group>"; };
		4591BA7622BC4F990052039C /* TreeTest.swift */ = {isa = PBXFileReference; lastKnownFileType = sourcecode.swift; path = TreeTest.swift; sourceTree = "<group>"; };
		459D75D422C476FB00CE5841 /* PDOrderedMapTreeStep.lazy.swift */ = {isa = PBXFileReference; lastKnownFileType = sourcecode.swift; path = PDOrderedMapTreeStep.lazy.swift; sourceTree = "<group>"; };
		459D75F522C4C6F100CE5841 /* PDKVLTRepository.swift */ = {isa = PBXFileReference; lastKnownFileType = sourcecode.swift; path = PDKVLTRepository.swift; sourceTree = "<group>"; };
		459D75FC22C4C88E00CE5841 /* PDTimelineStepPoint.swift */ = {isa = PBXFileReference; lastKnownFileType = sourcecode.swift; path = PDTimelineStepPoint.swift; sourceTree = "<group>"; };
		45A0888D22BA7A43000628D0 /* Export.swift */ = {isa = PBXFileReference; lastKnownFileType = sourcecode.swift; path = Export.swift; sourceTree = "<group>"; };
		45A12D9622BF6E5F004DFDAF /* PDListRepository.swift */ = {isa = PBXFileReference; lastKnownFileType = sourcecode.swift; path = PDListRepository.swift; sourceTree = "<group>"; };
		45AC27F622C862110020C5BE /* PDListRepository.lazy.swift */ = {isa = PBXFileReference; lastKnownFileType = sourcecode.swift; path = PDListRepository.lazy.swift; sourceTree = "<group>"; };
		45AC27FA22C862B40020C5BE /* PDTimelineProtocol.lazy.swift */ = {isa = PBXFileReference; lastKnownFileType = sourcecode.swift; path = PDTimelineProtocol.lazy.swift; sourceTree = "<group>"; };
		45AC27FC22C862EC0020C5BE /* PDTimelineProtocol.swift */ = {isa = PBXFileReference; lastKnownFileType = sourcecode.swift; path = PDTimelineProtocol.swift; sourceTree = "<group>"; };
		45AC27FF22C86A9C0020C5BE /* PDRepositoryProtocol.lazy.swift */ = {isa = PBXFileReference; lastKnownFileType = sourcecode.swift; path = PDRepositoryProtocol.lazy.swift; sourceTree = "<group>"; };
		45AC280122C86ACA0020C5BE /* PDLazy.swift */ = {isa = PBXFileReference; lastKnownFileType = sourcecode.swift; path = PDLazy.swift; sourceTree = "<group>"; };
		45AC280322C8725A0020C5BE /* PDListTreeRepository.replayRecursively.swift */ = {isa = PBXFileReference; lastKnownFileType = sourcecode.swift; path = PDListTreeRepository.replayRecursively.swift; sourceTree = "<group>"; };
		45AC280722C879DE0020C5BE /* PDListRepository.flatten.swift */ = {isa = PBXFileReference; lastKnownFileType = sourcecode.swift; path = PDListRepository.flatten.swift; sourceTree = "<group>"; };
		45AC280922C87C8B0020C5BE /* PDStepGroupingListRepository.swift */ = {isa = PBXFileReference; lastKnownFileType = sourcecode.swift; path = PDStepGroupingListRepository.swift; sourceTree = "<group>"; };
		45AC281122C8B0CB0020C5BE /* PDTimelineStepProtocol.swift */ = {isa = PBXFileReference; lastKnownFileType = sourcecode.swift; path = PDTimelineStepProtocol.swift; sourceTree = "<group>"; };
		45AC281322C8B17A0020C5BE /* PDListStep.lazy.swift */ = {isa = PBXFileReference; lastKnownFileType = sourcecode.swift; path = PDListStep.lazy.swift; sourceTree = "<group>"; };
		45AC281822C8C63A0020C5BE /* PDListRepositoryProtocol.swift */ = {isa = PBXFileReference; lastKnownFileType = sourcecode.swift; path = PDListRepositoryProtocol.swift; sourceTree = "<group>"; };
		45AC281C22C8C8AB0020C5BE /* PDListStepPoint.swift */ = {isa = PBXFileReference; lastKnownFileType = sourcecode.swift; path = PDListStepPoint.swift; sourceTree = "<group>"; };
		45AC282222C8CE130020C5BE /* PDLazyRepository.swift */ = {isa = PBXFileReference; lastKnownFileType = sourcecode.swift; path = PDLazyRepository.swift; sourceTree = "<group>"; };
		45AC282622C8D8470020C5BE /* PDX.swift */ = {isa = PBXFileReference; lastKnownFileType = sourcecode.swift; path = PDX.swift; sourceTree = "<group>"; };
		45AC282822C8EBC70020C5BE /* PDXTest.swift */ = {isa = PBXFileReference; lastKnownFileType = sourcecode.swift; path = PDXTest.swift; sourceTree = "<group>"; };
		45AC282A22C8F5E00020C5BE /* PDLazyListRepository.swift */ = {isa = PBXFileReference; lastKnownFileType = sourcecode.swift; path = PDLazyListRepository.swift; sourceTree = "<group>"; };
		45AC282C22C8FC220020C5BE /* PDListTransmission.swift */ = {isa = PBXFileReference; lastKnownFileType = sourcecode.swift; path = PDListTransmission.swift; sourceTree = "<group>"; };
		45AC282E22C903E00020C5BE /* PDX2.swift */ = {isa = PBXFileReference; lastKnownFileType = sourcecode.swift; path = PDX2.swift; sourceTree = "<group>"; };
		45AC283022C910290020C5BE /* PDAnyListRepository.swift */ = {isa = PBXFileReference; lastKnownFileType = sourcecode.swift; path = PDAnyListRepository.swift; sourceTree = "<group>"; };
		45AC283222C915A70020C5BE /* PDAnyTimeline.swift */ = {isa = PBXFileReference; lastKnownFileType = sourcecode.swift; path = PDAnyTimeline.swift; sourceTree = "<group>"; };
		45AC283622C9198F0020C5BE /* PDAnyList.swift */ = {isa = PBXFileReference; lastKnownFileType = sourcecode.swift; path = PDAnyList.swift; sourceTree = "<group>"; };
		45AC283822C995EF0020C5BE /* PDListRepository.transit.swift */ = {isa = PBXFileReference; lastKnownFileType = sourcecode.swift; path = PDListRepository.transit.swift; sourceTree = "<group>"; };
		45AC283A22C9A3CB0020C5BE /* PDListRepository.replay.swift */ = {isa = PBXFileReference; lastKnownFileType = sourcecode.swift; path = PDListRepository.replay.swift; sourceTree = "<group>"; };
		45AC284422C9AD970020C5BE /* PDListRepositoryTransitTest.swift */ = {isa = PBXFileReference; lastKnownFileType = sourcecode.swift; path = PDListRepositoryTransitTest.swift; sourceTree = "<group>"; };
		45AC284622C9B8A80020C5BE /* PDListRepositoryTest.swift */ = {isa = PBXFileReference; lastKnownFileType = sourcecode.swift; path = PDListRepositoryTest.swift; sourceTree = "<group>"; };
		45AC284A22C9BD6F0020C5BE /* PDListTreeRepository.transit.swift */ = {isa = PBXFileReference; lastKnownFileType = sourcecode.swift; path = PDListTreeRepository.transit.swift; sourceTree = "<group>"; };
		45AC284C22C9BE430020C5BE /* PDListTreeRepository.replay.swift */ = {isa = PBXFileReference; lastKnownFileType = sourcecode.swift; path = PDListTreeRepository.replay.swift; sourceTree = "<group>"; };
		45AC284E22C9CBC60020C5BE /* PDListTreeRepositoryTransitTest.swift */ = {isa = PBXFileReference; lastKnownFileType = sourcecode.swift; path = PDListTreeRepositoryTransitTest.swift; sourceTree = "<group>"; };
		45D8F48F22BB9C270096E6BF /* CompressingTime.swift */ = {isa = PBXFileReference; lastKnownFileType = sourcecode.swift; path = CompressingTime.swift; sourceTree = "<group>"; };
		45D8F49122BBA5B10096E6BF /* PDTimestamp.swift */ = {isa = PBXFileReference; lastKnownFileType = sourcecode.swift; path = PDTimestamp.swift; sourceTree = "<group>"; };
		45D8F49322BBA9000096E6BF /* PD2Timeline.extension.swift */ = {isa = PBXFileReference; lastKnownFileType = sourcecode.swift; path = PD2Timeline.extension.swift; sourceTree = "<group>"; };
		45DE46B322B8FED7006DAC40 /* libPD.a */ = {isa = PBXFileReference; explicitFileType = archive.ar; includeInIndex = 0; path = libPD.a; sourceTree = BUILT_PRODUCTS_DIR; };
		45DE46E822B8FF81006DAC40 /* README.md */ = {isa = PBXFileReference; lastKnownFileType = net.daringfireball.markdown; path = README.md; sourceTree = "<group>"; };
		45ECB14A22C76ACE00013698 /* PDListTreeRepositoryTest.swift */ = {isa = PBXFileReference; lastKnownFileType = sourcecode.swift; path = PDListTreeRepositoryTest.swift; sourceTree = "<group>"; };
		45ECB1BE22C7AD5900013698 /* PDListTreeDiffUtil.swift */ = {isa = PBXFileReference; lastKnownFileType = sourcecode.swift; path = PDListTreeDiffUtil.swift; sourceTree = "<group>"; };
/* End PBXFileReference section */

/* Begin PBXFrameworksBuildPhase section */
		4548E30B22BB91D10099E410 /* Frameworks */ = {
			isa = PBXFrameworksBuildPhase;
			buildActionMask = 2147483647;
			files = (
				45ECB1CB22C7AD9C00013698 /* DifferenceKit in Frameworks */,
				450E6C7B22C1117700834386 /* Tree in Frameworks */,
				4548E31322BB91D10099E410 /* libPD.a in Frameworks */,
			);
			runOnlyForDeploymentPostprocessing = 0;
		};
		45DE46B122B8FED7006DAC40 /* Frameworks */ = {
			isa = PBXFrameworksBuildPhase;
			buildActionMask = 2147483647;
			files = (
				45ECB1C722C7AD8700013698 /* DifferenceKit in Frameworks */,
			);
			runOnlyForDeploymentPostprocessing = 0;
		};
/* End PBXFrameworksBuildPhase section */

/* Begin PBXGroup section */
		4548E30F22BB91D10099E410 /* PDTest */ = {
			isa = PBXGroup;
			children = (
				4548E31022BB91D10099E410 /* PDTest.swift */,
				4569EB0022BBC3B100782C6A /* PDSumListTest.swift */,
				45AC284622C9B8A80020C5BE /* PDListRepositoryTest.swift */,
				45AC284422C9AD970020C5BE /* PDListRepositoryTransitTest.swift */,
				45AC284E22C9CBC60020C5BE /* PDListTreeRepositoryTransitTest.swift */,
				4591BA7622BC4F990052039C /* TreeTest.swift */,
				45D8F49322BBA9000096E6BF /* PD2Timeline.extension.swift */,
				4548E31222BB91D10099E410 /* Info.plist */,
				4546646F22C7B35E002BD139 /* PDDiffUtilTest.swift */,
				45AC282822C8EBC70020C5BE /* PDXTest.swift */,
			);
			path = PDTest;
			sourceTree = "<group>";
		};
		45639C1822C1C28400C0DD71 /* Deprecated */ = {
			isa = PBXGroup;
			children = (
				4586D33922C138CE00779050 /* PDOrderedMapProtocol.swift */,
				4586D33B22C1393C00779050 /* PDOrderedMap.swift */,
				4586D33722C138C000779050 /* PDOrderedMapRepo.swift */,
			);
			path = Deprecated;
			sourceTree = "<group>";
		};
		45639C2E22C1C84E00C0DD71 /* Experimental */ = {
			isa = PBXGroup;
			children = (
				45D8F48F22BB9C270096E6BF /* CompressingTime.swift */,
			);
			path = Experimental;
			sourceTree = "<group>";
		};
		45639CA622C238B300C0DD71 /* Deprecated1 */ = {
			isa = PBXGroup;
			children = (
				4548E2E022BB6D340099E410 /* PDRepositoryProtocol.swift */,
				4569EAE722BBAEC400782C6A /* PDSnapshotProtocol.swift */,
				4548E2EF22BB88440099E410 /* PDReplayingProtocol.swift */,
				4548E2D222BB4F1F0099E410 /* PDTimeline.swift */,
				4586D33D22C13B9700779050 /* PDTimeline.util.swift */,
			);
			path = Deprecated1;
			sourceTree = "<group>";
		};
		45639D9622C4574A00C0DD71 /* Deprecated2 */ = {
			isa = PBXGroup;
			children = (
				45AC280322C8725A0020C5BE /* PDListTreeRepository.replayRecursively.swift */,
				45639C2722C1C4B300C0DD71 /* PDOrderedMapTreeRepository.swift */,
				45639C8D22C1EC6900C0DD71 /* PDOrderedMapTreeStep.swift */,
				45639C1122C1B6AA00C0DD71 /* PDUnorderedMapTreeRepository.swift */,
				45639CA422C2352100C0DD71 /* PDUnorderedMapTreeStep.swift */,
			);
			path = Deprecated2;
			sourceTree = "<group>";
		};
		45AC27EC22C85FB40020C5BE /* Utilities */ = {
			isa = PBXGroup;
			children = (
				45ECB1BE22C7AD5900013698 /* PDListTreeDiffUtil.swift */,
				45AC282622C8D8470020C5BE /* PDX.swift */,
				45AC282C22C8FC220020C5BE /* PDListTransmission.swift */,
				45D8F49122BBA5B10096E6BF /* PDTimestamp.swift */,
				45AC282E22C903E00020C5BE /* PDX2.swift */,
				45AC283622C9198F0020C5BE /* PDAnyList.swift */,
			);
			path = Utilities;
			sourceTree = "<group>";
		};
		45AC27F422C861FC0020C5BE /* ListRepository */ = {
			isa = PBXGroup;
			children = (
				45A12D9622BF6E5F004DFDAF /* PDListRepository.swift */,
				45AC283A22C9A3CB0020C5BE /* PDListRepository.replay.swift */,
				45AC27F622C862110020C5BE /* PDListRepository.lazy.swift */,
				45AC281822C8C63A0020C5BE /* PDListRepositoryProtocol.swift */,
				45639C9422C1EFC800C0DD71 /* PDListStep.swift */,
				45AC281322C8B17A0020C5BE /* PDListStep.lazy.swift */,
				45AC281C22C8C8AB0020C5BE /* PDListStepPoint.swift */,
				45AC280722C879DE0020C5BE /* PDListRepository.flatten.swift */,
				45AC280922C87C8B0020C5BE /* PDStepGroupingListRepository.swift */,
				45AC282A22C8F5E00020C5BE /* PDLazyListRepository.swift */,
				45AC283022C910290020C5BE /* PDAnyListRepository.swift */,
				45AC283822C995EF0020C5BE /* PDListRepository.transit.swift */,
			);
			path = ListRepository;
			sourceTree = "<group>";
		};
		45AC27F522C862040020C5BE /* TreeRepository */ = {
			isa = PBXGroup;
			children = (
				454EA3E422C60AE60043E99D /* PDListTreeRepository.swift */,
				45AC284C22C9BE430020C5BE /* PDListTreeRepository.replay.swift */,
				45AC284A22C9BD6F0020C5BE /* PDListTreeRepository.transit.swift */,
				459D75F522C4C6F100CE5841 /* PDKVLTRepository.swift */,
				45639CA222C2350300C0DD71 /* PDMapTreeProtocol.swift */,
				45639CDE22C3205500C0DD71 /* PDOrderedMapTreeRepository.swift */,
				45639CE522C3208B00C0DD71 /* PDOrderedMapTreeStep.swift */,
				459D75D422C476FB00CE5841 /* PDOrderedMapTreeStep.lazy.swift */,
			);
			path = TreeRepository;
			sourceTree = "<group>";
		};
		45AC27F822C8629B0020C5BE /* Timeline */ = {
			isa = PBXGroup;
			children = (
				45AC27FC22C862EC0020C5BE /* PDTimelineProtocol.swift */,
				45AC27FA22C862B40020C5BE /* PDTimelineProtocol.lazy.swift */,
				45AC281122C8B0CB0020C5BE /* PDTimelineStepProtocol.swift */,
				45639C9622C2248F00C0DD71 /* PDTimeline.swift */,
				45639C9A22C2281200C0DD71 /* PDTimeline.steps.swift */,
				45639C9822C2274C00C0DD71 /* PDTimeline.points.swift */,
				45639C9E22C22EB700C0DD71 /* PDReplayingProtocol.swift */,
				459D75FC22C4C88E00CE5841 /* PDTimelineStepPoint.swift */,
				45AC283222C915A70020C5BE /* PDAnyTimeline.swift */,
			);
			path = Timeline;
			sourceTree = "<group>";
		};
		45AC27FE22C86A8E0020C5BE /* Repository */ = {
			isa = PBXGroup;
			children = (
				45639CA022C22F1100C0DD71 /* PDRepositoryProtocol.swift */,
				45AC27FF22C86A9C0020C5BE /* PDRepositoryProtocol.lazy.swift */,
			);
			path = Repository;
			sourceTree = "<group>";
		};
		45AC281522C8B3A40020C5BE /* Lazy */ = {
			isa = PBXGroup;
			children = (
				45AC282222C8CE130020C5BE /* PDLazyRepository.swift */,
			);
			path = Lazy;
			sourceTree = "<group>";
		};
		45D8F48B22BB92CA0096E6BF /* Frameworks */ = {
			isa = PBXGroup;
			children = (
			);
			name = Frameworks;
			sourceTree = "<group>";
		};
		45DE46A822B8FEC1006DAC40 = {
			isa = PBXGroup;
			children = (
				45DE46E822B8FF81006DAC40 /* README.md */,
				4548E2B022BAA79A0099E410 /* Package.swift */,
				45DE46B522B8FED7006DAC40 /* PD */,
				4548E30F22BB91D10099E410 /* PDTest */,
				45ECB14A22C76ACE00013698 /* PDListTreeRepositoryTest.swift */,
				45639D9622C4574A00C0DD71 /* Deprecated2 */,
				45639CA622C238B300C0DD71 /* Deprecated1 */,
				45639C1822C1C28400C0DD71 /* Deprecated */,
				45639C2E22C1C84E00C0DD71 /* Experimental */,
				45DE46B422B8FED7006DAC40 /* Products */,
				45D8F48B22BB92CA0096E6BF /* Frameworks */,
			);
			sourceTree = "<group>";
		};
		45DE46B422B8FED7006DAC40 /* Products */ = {
			isa = PBXGroup;
			children = (
				45DE46B322B8FED7006DAC40 /* libPD.a */,
				4548E30E22BB91D10099E410 /* PDTest.xctest */,
			);
			name = Products;
			sourceTree = "<group>";
		};
		45DE46B522B8FED7006DAC40 /* PD */ = {
			isa = PBXGroup;
			children = (
				45AC27F822C8629B0020C5BE /* Timeline */,
				45AC27FE22C86A8E0020C5BE /* Repository */,
				45AC27F422C861FC0020C5BE /* ListRepository */,
				45AC27F522C862040020C5BE /* TreeRepository */,
				4591BA7222BC3CDD0052039C /* PDUndoRedoRepository.swift */,
				4548E2E822BB6FC50099E410 /* PDUndoRedo.swift */,
				45AC280122C86ACA0020C5BE /* PDLazy.swift */,
				45A0888D22BA7A43000628D0 /* Export.swift */,
				45AC281522C8B3A40020C5BE /* Lazy */,
				45AC27EC22C85FB40020C5BE /* Utilities */,
			);
			path = PD;
			sourceTree = "<group>";
		};
/* End PBXGroup section */

/* Begin PBXHeadersBuildPhase section */
		45DE46AF22B8FED7006DAC40 /* Headers */ = {
			isa = PBXHeadersBuildPhase;
			buildActionMask = 2147483647;
			files = (
			);
			runOnlyForDeploymentPostprocessing = 0;
		};
/* End PBXHeadersBuildPhase section */

/* Begin PBXNativeTarget section */
		4548E30D22BB91D10099E410 /* PDTest */ = {
			isa = PBXNativeTarget;
			buildConfigurationList = 4548E31622BB91D10099E410 /* Build configuration list for PBXNativeTarget "PDTest" */;
			buildPhases = (
				4548E30A22BB91D10099E410 /* Sources */,
				4548E30B22BB91D10099E410 /* Frameworks */,
				4548E30C22BB91D10099E410 /* Resources */,
				45A12E7522C08A6D004DFDAF /* Embed Frameworks */,
			);
			buildRules = (
			);
			dependencies = (
				45ECB1CD22C7AD9E00013698 /* PBXTargetDependency */,
				45639C3222C1CA4500C0DD71 /* PBXTargetDependency */,
				4548E31522BB91D10099E410 /* PBXTargetDependency */,
			);
			name = PDTest;
			packageProductDependencies = (
				450E6C7A22C1117700834386 /* Tree */,
				45ECB1CA22C7AD9C00013698 /* DifferenceKit */,
			);
			productName = PDTest;
			productReference = 4548E30E22BB91D10099E410 /* PDTest.xctest */;
			productType = "com.apple.product-type.bundle.unit-test";
		};
		45DE46B222B8FED7006DAC40 /* PD */ = {
			isa = PBXNativeTarget;
			buildConfigurationList = 45DE46BC22B8FED7006DAC40 /* Build configuration list for PBXNativeTarget "PD" */;
			buildPhases = (
				45DE46AF22B8FED7006DAC40 /* Headers */,
				45DE46B022B8FED7006DAC40 /* Sources */,
				45DE46B122B8FED7006DAC40 /* Frameworks */,
				45A12E7022C08A38004DFDAF /* Embed Frameworks */,
			);
			buildRules = (
			);
			dependencies = (
				45ECB1C922C7AD9500013698 /* PBXTargetDependency */,
				450E6C7D22C111A900834386 /* PBXTargetDependency */,
			);
			name = PD;
			packageProductDependencies = (
				45ECB1C622C7AD8700013698 /* DifferenceKit */,
			);
			productName = PersistentDatastructure;
			productReference = 45DE46B322B8FED7006DAC40 /* libPD.a */;
			productType = "com.apple.product-type.library.static";
		};
/* End PBXNativeTarget section */

/* Begin PBXProject section */
		45DE46A922B8FEC1006DAC40 /* Project object */ = {
			isa = PBXProject;
			attributes = {
				LastSwiftUpdateCheck = 1100;
				LastUpgradeCheck = 1020;
				TargetAttributes = {
					4548E30D22BB91D10099E410 = {
						CreatedOnToolsVersion = 11.0;
					};
					45DE46B222B8FED7006DAC40 = {
						CreatedOnToolsVersion = 10.2.1;
						LastSwiftMigration = 1020;
					};
				};
			};
			buildConfigurationList = 45DE46AC22B8FEC1006DAC40 /* Build configuration list for PBXProject "PD" */;
			compatibilityVersion = "Xcode 9.3";
			developmentRegion = en;
			hasScannedForEncodings = 0;
			knownRegions = (
				en,
				Base,
			);
			mainGroup = 45DE46A822B8FEC1006DAC40;
			packageReferences = (
				450E6C7722C1116E00834386 /* XCRemoteSwiftPackageReference "swift-tree" */,
				45ECB1C522C7AD8700013698 /* XCRemoteSwiftPackageReference "DifferenceKit" */,
			);
			productRefGroup = 45DE46B422B8FED7006DAC40 /* Products */;
			projectDirPath = "";
			projectRoot = "";
			targets = (
				45DE46B222B8FED7006DAC40 /* PD */,
				4548E30D22BB91D10099E410 /* PDTest */,
			);
		};
/* End PBXProject section */

/* Begin PBXResourcesBuildPhase section */
		4548E30C22BB91D10099E410 /* Resources */ = {
			isa = PBXResourcesBuildPhase;
			buildActionMask = 2147483647;
			files = (
			);
			runOnlyForDeploymentPostprocessing = 0;
		};
/* End PBXResourcesBuildPhase section */

/* Begin PBXSourcesBuildPhase section */
		4548E30A22BB91D10099E410 /* Sources */ = {
			isa = PBXSourcesBuildPhase;
			buildActionMask = 2147483647;
			files = (
				45ECB14B22C76ACE00013698 /* PDListTreeRepositoryTest.swift in Sources */,
				45D8F49422BBA9000096E6BF /* PD2Timeline.extension.swift in Sources */,
				4591BA7722BC4F990052039C /* TreeTest.swift in Sources */,
				45AC284F22C9CBC60020C5BE /* PDListTreeRepositoryTransitTest.swift in Sources */,
				45AC284522C9AD970020C5BE /* PDListRepositoryTransitTest.swift in Sources */,
				4548E31122BB91D10099E410 /* PDTest.swift in Sources */,
				45AC284722C9B8A80020C5BE /* PDListRepositoryTest.swift in Sources */,
				4546647022C7B35E002BD139 /* PDDiffUtilTest.swift in Sources */,
				45AC282922C8EBC70020C5BE /* PDXTest.swift in Sources */,
				4569EB0122BBC3B100782C6A /* PDSumListTest.swift in Sources */,
			);
			runOnlyForDeploymentPostprocessing = 0;
		};
		45DE46B022B8FED7006DAC40 /* Sources */ = {
			isa = PBXSourcesBuildPhase;
			buildActionMask = 2147483647;
			files = (
				459D75D522C476FB00CE5841 /* PDOrderedMapTreeStep.lazy.swift in Sources */,
				45AC281222C8B0CB0020C5BE /* PDTimelineStepProtocol.swift in Sources */,
				45AC283122C910290020C5BE /* PDAnyListRepository.swift in Sources */,
				450E6C8B22C1167400834386 /* PDListRepository.swift in Sources */,
				45639C9922C2274C00C0DD71 /* PDTimeline.points.swift in Sources */,
				45639CA322C2350300C0DD71 /* PDMapTreeProtocol.swift in Sources */,
				45AC280822C879DE0020C5BE /* PDListRepository.flatten.swift in Sources */,
				45AC280022C86A9C0020C5BE /* PDRepositoryProtocol.lazy.swift in Sources */,
				45AC282722C8D8470020C5BE /* PDX.swift in Sources */,
				45AC284D22C9BE430020C5BE /* PDListTreeRepository.replay.swift in Sources */,
				45AC282322C8CE130020C5BE /* PDLazyRepository.swift in Sources */,
				45AC27F722C862110020C5BE /* PDListRepository.lazy.swift in Sources */,
				45AC283922C995EF0020C5BE /* PDListRepository.transit.swift in Sources */,
				45639C9722C2248F00C0DD71 /* PDTimeline.swift in Sources */,
				45639CE622C3208B00C0DD71 /* PDOrderedMapTreeStep.swift in Sources */,
				45AC27FD22C862EC0020C5BE /* PDTimelineProtocol.swift in Sources */,
				45AC27FB22C862B40020C5BE /* PDTimelineProtocol.lazy.swift in Sources */,
				45AC281422C8B17A0020C5BE /* PDListStep.lazy.swift in Sources */,
				45639C9522C1EFC800C0DD71 /* PDListStep.swift in Sources */,
				454EA3E522C60AE60043E99D /* PDListTreeRepository.swift in Sources */,
				450E6C8822C1167400834386 /* CompressingTime.swift in Sources */,
				45AC282F22C903E00020C5BE /* PDX2.swift in Sources */,
				4586D33C22C1393C00779050 /* PDOrderedMap.swift in Sources */,
				450E6C8522C1167400834386 /* PDUndoRedoRepository.swift in Sources */,
				45AC280A22C87C8B0020C5BE /* PDStepGroupingListRepository.swift in Sources */,
				45AC281D22C8C8AB0020C5BE /* PDListStepPoint.swift in Sources */,
				459D75FD22C4C88E00CE5841 /* PDTimelineStepPoint.swift in Sources */,
				459D75F622C4C6F100CE5841 /* PDKVLTRepository.swift in Sources */,
				45AC283322C915A70020C5BE /* PDAnyTimeline.swift in Sources */,
				45AC283722C9198F0020C5BE /* PDAnyList.swift in Sources */,
				45ECB1BF22C7AD5900013698 /* PDListTreeDiffUtil.swift in Sources */,
				45639C9B22C2281200C0DD71 /* PDTimeline.steps.swift in Sources */,
				450E6C8D22C1167400834386 /* PDUndoRedo.swift in Sources */,
				4586D33A22C138CE00779050 /* PDOrderedMapProtocol.swift in Sources */,
				45AC282D22C8FC220020C5BE /* PDListTransmission.swift in Sources */,
				45AC282B22C8F5E00020C5BE /* PDLazyListRepository.swift in Sources */,
				45639CA122C22F1100C0DD71 /* PDRepositoryProtocol.swift in Sources */,
				45AC283B22C9A3CB0020C5BE /* PDListRepository.replay.swift in Sources */,
				45AC284B22C9BD6F0020C5BE /* PDListTreeRepository.transit.swift in Sources */,
				45AC281922C8C63A0020C5BE /* PDListRepositoryProtocol.swift in Sources */,
				45A0888E22BA7A43000628D0 /* Export.swift in Sources */,
				4586D33822C138C000779050 /* PDOrderedMapRepo.swift in Sources */,
				450E6C8E22C1167400834386 /* PDTimestamp.swift in Sources */,
				45639CDF22C3205500C0DD71 /* PDOrderedMapTreeRepository.swift in Sources */,
				45639C9F22C22EB700C0DD71 /* PDReplayingProtocol.swift in Sources */,
				45AC280222C86ACA0020C5BE /* PDLazy.swift in Sources */,
			);
			runOnlyForDeploymentPostprocessing = 0;
		};
/* End PBXSourcesBuildPhase section */

/* Begin PBXTargetDependency section */
		450E6C7D22C111A900834386 /* PBXTargetDependency */ = {
			isa = PBXTargetDependency;
			productRef = 450E6C7C22C111A900834386 /* Tree */;
		};
		4548E31522BB91D10099E410 /* PBXTargetDependency */ = {
			isa = PBXTargetDependency;
			target = 45DE46B222B8FED7006DAC40 /* PD */;
			targetProxy = 4548E31422BB91D10099E410 /* PBXContainerItemProxy */;
		};
		45639C3222C1CA4500C0DD71 /* PBXTargetDependency */ = {
			isa = PBXTargetDependency;
			productRef = 45639C3122C1CA4500C0DD71 /* Tree */;
		};
		45ECB1C922C7AD9500013698 /* PBXTargetDependency */ = {
			isa = PBXTargetDependency;
			productRef = 45ECB1C822C7AD9500013698 /* DifferenceKit */;
		};
		45ECB1CD22C7AD9E00013698 /* PBXTargetDependency */ = {
			isa = PBXTargetDependency;
			productRef = 45ECB1CC22C7AD9E00013698 /* DifferenceKit */;
		};
/* End PBXTargetDependency section */

/* Begin XCBuildConfiguration section */
		4548E31722BB91D10099E410 /* Debug */ = {
			isa = XCBuildConfiguration;
			buildSettings = {
				ALWAYS_SEARCH_USER_PATHS = NO;
				CLANG_ANALYZER_NONNULL = YES;
				CLANG_ANALYZER_NUMBER_OBJECT_CONVERSION = YES_AGGRESSIVE;
				CLANG_CXX_LANGUAGE_STANDARD = "gnu++14";
				CLANG_CXX_LIBRARY = "libc++";
				CLANG_ENABLE_MODULES = YES;
				CLANG_ENABLE_OBJC_ARC = YES;
				CLANG_ENABLE_OBJC_WEAK = YES;
				CLANG_WARN_DIRECT_OBJC_ISA_USAGE = YES_ERROR;
				CLANG_WARN_DOCUMENTATION_COMMENTS = YES;
				CLANG_WARN_OBJC_ROOT_CLASS = YES_ERROR;
				CLANG_WARN_UNGUARDED_AVAILABILITY = YES_AGGRESSIVE;
				CODE_SIGN_STYLE = Automatic;
				COMBINE_HIDPI_IMAGES = YES;
				COPY_PHASE_STRIP = NO;
				DEBUG_INFORMATION_FORMAT = dwarf;
				GCC_C_LANGUAGE_STANDARD = gnu11;
				GCC_DYNAMIC_NO_PIC = NO;
				GCC_OPTIMIZATION_LEVEL = 0;
				GCC_PREPROCESSOR_DEFINITIONS = (
					"DEBUG=1",
					"$(inherited)",
				);
				GCC_WARN_ABOUT_RETURN_TYPE = YES_ERROR;
				GCC_WARN_UNINITIALIZED_AUTOS = YES_AGGRESSIVE;
				INFOPLIST_FILE = PDTest/Info.plist;
				LD_RUNPATH_SEARCH_PATHS = (
					"$(inherited)",
					"@executable_path/../Frameworks",
					"@loader_path/../Frameworks",
				);
				MACOSX_DEPLOYMENT_TARGET = 10.14;
				MTL_ENABLE_DEBUG_INFO = INCLUDE_SOURCE;
				MTL_FAST_MATH = YES;
				PRODUCT_BUNDLE_IDENTIFIER = Eonil.PDTest;
				PRODUCT_NAME = "$(TARGET_NAME)";
				SDKROOT = macosx;
				SWIFT_ACTIVE_COMPILATION_CONDITIONS = DEBUG;
				SWIFT_OPTIMIZATION_LEVEL = "-Onone";
				SWIFT_VERSION = 5.0;
			};
			name = Debug;
		};
		4548E31822BB91D10099E410 /* Release */ = {
			isa = XCBuildConfiguration;
			buildSettings = {
				ALWAYS_SEARCH_USER_PATHS = NO;
				CLANG_ANALYZER_NONNULL = YES;
				CLANG_ANALYZER_NUMBER_OBJECT_CONVERSION = YES_AGGRESSIVE;
				CLANG_CXX_LANGUAGE_STANDARD = "gnu++14";
				CLANG_CXX_LIBRARY = "libc++";
				CLANG_ENABLE_MODULES = YES;
				CLANG_ENABLE_OBJC_ARC = YES;
				CLANG_ENABLE_OBJC_WEAK = YES;
				CLANG_WARN_DIRECT_OBJC_ISA_USAGE = YES_ERROR;
				CLANG_WARN_DOCUMENTATION_COMMENTS = YES;
				CLANG_WARN_OBJC_ROOT_CLASS = YES_ERROR;
				CLANG_WARN_UNGUARDED_AVAILABILITY = YES_AGGRESSIVE;
				CODE_SIGN_STYLE = Automatic;
				COMBINE_HIDPI_IMAGES = YES;
				COPY_PHASE_STRIP = NO;
				DEBUG_INFORMATION_FORMAT = "dwarf-with-dsym";
				ENABLE_NS_ASSERTIONS = NO;
				GCC_C_LANGUAGE_STANDARD = gnu11;
				GCC_WARN_ABOUT_RETURN_TYPE = YES_ERROR;
				GCC_WARN_UNINITIALIZED_AUTOS = YES_AGGRESSIVE;
				INFOPLIST_FILE = PDTest/Info.plist;
				LD_RUNPATH_SEARCH_PATHS = (
					"$(inherited)",
					"@executable_path/../Frameworks",
					"@loader_path/../Frameworks",
				);
				MACOSX_DEPLOYMENT_TARGET = 10.14;
				MTL_ENABLE_DEBUG_INFO = NO;
				MTL_FAST_MATH = YES;
				PRODUCT_BUNDLE_IDENTIFIER = Eonil.PDTest;
				PRODUCT_NAME = "$(TARGET_NAME)";
				SDKROOT = macosx;
				SWIFT_OPTIMIZATION_LEVEL = "-O";
				SWIFT_VERSION = 5.0;
			};
			name = Release;
		};
		45DE46AD22B8FEC1006DAC40 /* Debug */ = {
			isa = XCBuildConfiguration;
			buildSettings = {
				CLANG_WARN_BLOCK_CAPTURE_AUTORELEASING = YES;
				CLANG_WARN_BOOL_CONVERSION = YES;
				CLANG_WARN_COMMA = YES;
				CLANG_WARN_CONSTANT_CONVERSION = YES;
				CLANG_WARN_DEPRECATED_OBJC_IMPLEMENTATIONS = YES;
				CLANG_WARN_EMPTY_BODY = YES;
				CLANG_WARN_ENUM_CONVERSION = YES;
				CLANG_WARN_INFINITE_RECURSION = YES;
				CLANG_WARN_INT_CONVERSION = YES;
				CLANG_WARN_NON_LITERAL_NULL_CONVERSION = YES;
				CLANG_WARN_OBJC_IMPLICIT_RETAIN_SELF = YES;
				CLANG_WARN_OBJC_LITERAL_CONVERSION = YES;
				CLANG_WARN_RANGE_LOOP_ANALYSIS = YES;
				CLANG_WARN_STRICT_PROTOTYPES = YES;
				CLANG_WARN_SUSPICIOUS_MOVE = YES;
				CLANG_WARN_UNREACHABLE_CODE = YES;
				CLANG_WARN__DUPLICATE_METHOD_MATCH = YES;
				ENABLE_STRICT_OBJC_MSGSEND = YES;
				ENABLE_TESTABILITY = YES;
				GCC_NO_COMMON_BLOCKS = YES;
				GCC_WARN_64_TO_32_BIT_CONVERSION = YES;
				GCC_WARN_ABOUT_RETURN_TYPE = YES;
				GCC_WARN_UNDECLARED_SELECTOR = YES;
				GCC_WARN_UNINITIALIZED_AUTOS = YES;
				GCC_WARN_UNUSED_FUNCTION = YES;
				GCC_WARN_UNUSED_VARIABLE = YES;
				ONLY_ACTIVE_ARCH = YES;
			};
			name = Debug;
		};
		45DE46AE22B8FEC1006DAC40 /* Release */ = {
			isa = XCBuildConfiguration;
			buildSettings = {
				CLANG_WARN_BLOCK_CAPTURE_AUTORELEASING = YES;
				CLANG_WARN_BOOL_CONVERSION = YES;
				CLANG_WARN_COMMA = YES;
				CLANG_WARN_CONSTANT_CONVERSION = YES;
				CLANG_WARN_DEPRECATED_OBJC_IMPLEMENTATIONS = YES;
				CLANG_WARN_EMPTY_BODY = YES;
				CLANG_WARN_ENUM_CONVERSION = YES;
				CLANG_WARN_INFINITE_RECURSION = YES;
				CLANG_WARN_INT_CONVERSION = YES;
				CLANG_WARN_NON_LITERAL_NULL_CONVERSION = YES;
				CLANG_WARN_OBJC_IMPLICIT_RETAIN_SELF = YES;
				CLANG_WARN_OBJC_LITERAL_CONVERSION = YES;
				CLANG_WARN_RANGE_LOOP_ANALYSIS = YES;
				CLANG_WARN_STRICT_PROTOTYPES = YES;
				CLANG_WARN_SUSPICIOUS_MOVE = YES;
				CLANG_WARN_UNREACHABLE_CODE = YES;
				CLANG_WARN__DUPLICATE_METHOD_MATCH = YES;
				ENABLE_STRICT_OBJC_MSGSEND = YES;
				GCC_NO_COMMON_BLOCKS = YES;
				GCC_WARN_64_TO_32_BIT_CONVERSION = YES;
				GCC_WARN_ABOUT_RETURN_TYPE = YES;
				GCC_WARN_UNDECLARED_SELECTOR = YES;
				GCC_WARN_UNINITIALIZED_AUTOS = YES;
				GCC_WARN_UNUSED_FUNCTION = YES;
				GCC_WARN_UNUSED_VARIABLE = YES;
				SWIFT_COMPILATION_MODE = wholemodule;
			};
			name = Release;
		};
		45DE46BA22B8FED7006DAC40 /* Debug */ = {
			isa = XCBuildConfiguration;
			buildSettings = {
				ALWAYS_SEARCH_USER_PATHS = NO;
				CLANG_ANALYZER_NONNULL = YES;
				CLANG_ANALYZER_NUMBER_OBJECT_CONVERSION = YES_AGGRESSIVE;
				CLANG_CXX_LANGUAGE_STANDARD = "gnu++14";
				CLANG_CXX_LIBRARY = "libc++";
				CLANG_ENABLE_MODULES = YES;
				CLANG_ENABLE_OBJC_ARC = YES;
				CLANG_ENABLE_OBJC_WEAK = YES;
				CLANG_WARN_BLOCK_CAPTURE_AUTORELEASING = YES;
				CLANG_WARN_BOOL_CONVERSION = YES;
				CLANG_WARN_COMMA = YES;
				CLANG_WARN_CONSTANT_CONVERSION = YES;
				CLANG_WARN_DEPRECATED_OBJC_IMPLEMENTATIONS = YES;
				CLANG_WARN_DIRECT_OBJC_ISA_USAGE = YES_ERROR;
				CLANG_WARN_DOCUMENTATION_COMMENTS = YES;
				CLANG_WARN_EMPTY_BODY = YES;
				CLANG_WARN_ENUM_CONVERSION = YES;
				CLANG_WARN_INFINITE_RECURSION = YES;
				CLANG_WARN_INT_CONVERSION = YES;
				CLANG_WARN_NON_LITERAL_NULL_CONVERSION = YES;
				CLANG_WARN_OBJC_IMPLICIT_RETAIN_SELF = YES;
				CLANG_WARN_OBJC_LITERAL_CONVERSION = YES;
				CLANG_WARN_OBJC_ROOT_CLASS = YES_ERROR;
				CLANG_WARN_RANGE_LOOP_ANALYSIS = YES;
				CLANG_WARN_STRICT_PROTOTYPES = YES;
				CLANG_WARN_SUSPICIOUS_MOVE = YES;
				CLANG_WARN_UNGUARDED_AVAILABILITY = YES_AGGRESSIVE;
				CLANG_WARN_UNREACHABLE_CODE = YES;
				CLANG_WARN__DUPLICATE_METHOD_MATCH = YES;
				CODE_SIGN_IDENTITY = "-";
				CODE_SIGN_STYLE = Automatic;
				COPY_PHASE_STRIP = NO;
				DEBUG_INFORMATION_FORMAT = dwarf;
				ENABLE_STRICT_OBJC_MSGSEND = YES;
				ENABLE_TESTABILITY = YES;
				EXECUTABLE_PREFIX = lib;
				GCC_C_LANGUAGE_STANDARD = gnu11;
				GCC_DYNAMIC_NO_PIC = NO;
				GCC_NO_COMMON_BLOCKS = YES;
				GCC_OPTIMIZATION_LEVEL = 0;
				GCC_PREPROCESSOR_DEFINITIONS = (
					"DEBUG=1",
					"$(inherited)",
				);
				GCC_WARN_64_TO_32_BIT_CONVERSION = YES;
				GCC_WARN_ABOUT_RETURN_TYPE = YES_ERROR;
				GCC_WARN_UNDECLARED_SELECTOR = YES;
				GCC_WARN_UNINITIALIZED_AUTOS = YES_AGGRESSIVE;
				GCC_WARN_UNUSED_FUNCTION = YES;
				GCC_WARN_UNUSED_VARIABLE = YES;
				LD_RUNPATH_SEARCH_PATHS = (
					"$(inherited)",
					"@executable_path/../Frameworks",
					"@loader_path/../Frameworks",
				);
				MACOSX_DEPLOYMENT_TARGET = 10.14;
				MTL_ENABLE_DEBUG_INFO = INCLUDE_SOURCE;
				MTL_FAST_MATH = YES;
				ONLY_ACTIVE_ARCH = YES;
				OTHER_SWIFT_FLAGS = "-DDEBUG";
				PRODUCT_NAME = "$(TARGET_NAME)";
				SDKROOT = macosx;
				SKIP_INSTALL = YES;
				SWIFT_OPTIMIZATION_LEVEL = "-Onone";
				SWIFT_VERSION = 5.0;
			};
			name = Debug;
		};
		45DE46BB22B8FED7006DAC40 /* Release */ = {
			isa = XCBuildConfiguration;
			buildSettings = {
				ALWAYS_SEARCH_USER_PATHS = NO;
				CLANG_ANALYZER_NONNULL = YES;
				CLANG_ANALYZER_NUMBER_OBJECT_CONVERSION = YES_AGGRESSIVE;
				CLANG_CXX_LANGUAGE_STANDARD = "gnu++14";
				CLANG_CXX_LIBRARY = "libc++";
				CLANG_ENABLE_MODULES = YES;
				CLANG_ENABLE_OBJC_ARC = YES;
				CLANG_ENABLE_OBJC_WEAK = YES;
				CLANG_WARN_BLOCK_CAPTURE_AUTORELEASING = YES;
				CLANG_WARN_BOOL_CONVERSION = YES;
				CLANG_WARN_COMMA = YES;
				CLANG_WARN_CONSTANT_CONVERSION = YES;
				CLANG_WARN_DEPRECATED_OBJC_IMPLEMENTATIONS = YES;
				CLANG_WARN_DIRECT_OBJC_ISA_USAGE = YES_ERROR;
				CLANG_WARN_DOCUMENTATION_COMMENTS = YES;
				CLANG_WARN_EMPTY_BODY = YES;
				CLANG_WARN_ENUM_CONVERSION = YES;
				CLANG_WARN_INFINITE_RECURSION = YES;
				CLANG_WARN_INT_CONVERSION = YES;
				CLANG_WARN_NON_LITERAL_NULL_CONVERSION = YES;
				CLANG_WARN_OBJC_IMPLICIT_RETAIN_SELF = YES;
				CLANG_WARN_OBJC_LITERAL_CONVERSION = YES;
				CLANG_WARN_OBJC_ROOT_CLASS = YES_ERROR;
				CLANG_WARN_RANGE_LOOP_ANALYSIS = YES;
				CLANG_WARN_STRICT_PROTOTYPES = YES;
				CLANG_WARN_SUSPICIOUS_MOVE = YES;
				CLANG_WARN_UNGUARDED_AVAILABILITY = YES_AGGRESSIVE;
				CLANG_WARN_UNREACHABLE_CODE = YES;
				CLANG_WARN__DUPLICATE_METHOD_MATCH = YES;
				CODE_SIGN_IDENTITY = "-";
				CODE_SIGN_STYLE = Automatic;
				COPY_PHASE_STRIP = NO;
				DEBUG_INFORMATION_FORMAT = "dwarf-with-dsym";
				ENABLE_NS_ASSERTIONS = NO;
				ENABLE_STRICT_OBJC_MSGSEND = YES;
				EXECUTABLE_PREFIX = lib;
				GCC_C_LANGUAGE_STANDARD = gnu11;
				GCC_NO_COMMON_BLOCKS = YES;
				GCC_WARN_64_TO_32_BIT_CONVERSION = YES;
				GCC_WARN_ABOUT_RETURN_TYPE = YES_ERROR;
				GCC_WARN_UNDECLARED_SELECTOR = YES;
				GCC_WARN_UNINITIALIZED_AUTOS = YES_AGGRESSIVE;
				GCC_WARN_UNUSED_FUNCTION = YES;
				GCC_WARN_UNUSED_VARIABLE = YES;
				LD_RUNPATH_SEARCH_PATHS = (
					"$(inherited)",
					"@executable_path/../Frameworks",
					"@loader_path/../Frameworks",
				);
				MACOSX_DEPLOYMENT_TARGET = 10.14;
				MTL_ENABLE_DEBUG_INFO = NO;
				MTL_FAST_MATH = YES;
				PRODUCT_NAME = "$(TARGET_NAME)";
				SDKROOT = macosx;
				SKIP_INSTALL = YES;
				SWIFT_VERSION = 5.0;
			};
			name = Release;
		};
/* End XCBuildConfiguration section */

/* Begin XCConfigurationList section */
		4548E31622BB91D10099E410 /* Build configuration list for PBXNativeTarget "PDTest" */ = {
			isa = XCConfigurationList;
			buildConfigurations = (
				4548E31722BB91D10099E410 /* Debug */,
				4548E31822BB91D10099E410 /* Release */,
			);
			defaultConfigurationIsVisible = 0;
			defaultConfigurationName = Release;
		};
		45DE46AC22B8FEC1006DAC40 /* Build configuration list for PBXProject "PD" */ = {
			isa = XCConfigurationList;
			buildConfigurations = (
				45DE46AD22B8FEC1006DAC40 /* Debug */,
				45DE46AE22B8FEC1006DAC40 /* Release */,
			);
			defaultConfigurationIsVisible = 0;
			defaultConfigurationName = Release;
		};
		45DE46BC22B8FED7006DAC40 /* Build configuration list for PBXNativeTarget "PD" */ = {
			isa = XCConfigurationList;
			buildConfigurations = (
				45DE46BA22B8FED7006DAC40 /* Debug */,
				45DE46BB22B8FED7006DAC40 /* Release */,
			);
			defaultConfigurationIsVisible = 0;
			defaultConfigurationName = Release;
		};
/* End XCConfigurationList section */

/* Begin XCRemoteSwiftPackageReference section */
		450E6C7722C1116E00834386 /* XCRemoteSwiftPackageReference "swift-tree" */ = {
			isa = XCRemoteSwiftPackageReference;
			repositoryURL = "https://github.com/eonil/swift-tree";
			requirement = {
				branch = master;
				kind = branch;
			};
		};
		45ECB1C522C7AD8700013698 /* XCRemoteSwiftPackageReference "DifferenceKit" */ = {
			isa = XCRemoteSwiftPackageReference;
			repositoryURL = "https://github.com/ra1028/DifferenceKit";
			requirement = {
				branch = master;
				kind = branch;
			};
		};
/* End XCRemoteSwiftPackageReference section */

/* Begin XCSwiftPackageProductDependency section */
		450E6C7A22C1117700834386 /* Tree */ = {
			isa = XCSwiftPackageProductDependency;
			package = 450E6C7722C1116E00834386 /* XCRemoteSwiftPackageReference "swift-tree" */;
			productName = Tree;
		};
		450E6C7C22C111A900834386 /* Tree */ = {
			isa = XCSwiftPackageProductDependency;
			package = 450E6C7722C1116E00834386 /* XCRemoteSwiftPackageReference "swift-tree" */;
			productName = Tree;
		};
		45639C3122C1CA4500C0DD71 /* Tree */ = {
			isa = XCSwiftPackageProductDependency;
			package = 450E6C7722C1116E00834386 /* XCRemoteSwiftPackageReference "swift-tree" */;
			productName = Tree;
		};
		45ECB1C622C7AD8700013698 /* DifferenceKit */ = {
			isa = XCSwiftPackageProductDependency;
			package = 45ECB1C522C7AD8700013698 /* XCRemoteSwiftPackageReference "DifferenceKit" */;
			productName = DifferenceKit;
		};
		45ECB1C822C7AD9500013698 /* DifferenceKit */ = {
			isa = XCSwiftPackageProductDependency;
			package = 45ECB1C522C7AD8700013698 /* XCRemoteSwiftPackageReference "DifferenceKit" */;
			productName = DifferenceKit;
		};
		45ECB1CA22C7AD9C00013698 /* DifferenceKit */ = {
			isa = XCSwiftPackageProductDependency;
			package = 45ECB1C522C7AD8700013698 /* XCRemoteSwiftPackageReference "DifferenceKit" */;
			productName = DifferenceKit;
		};
		45ECB1CC22C7AD9E00013698 /* DifferenceKit */ = {
			isa = XCSwiftPackageProductDependency;
			package = 45ECB1C522C7AD8700013698 /* XCRemoteSwiftPackageReference "DifferenceKit" */;
			productName = DifferenceKit;
		};
/* End XCSwiftPackageProductDependency section */
	};
	rootObject = 45DE46A922B8FEC1006DAC40 /* Project object */;
}
