{
  "object": {
    "pins": [
      {
        "package": "BTree",
        "repositoryURL": "https://github.com/eonil/BTree",
        "state": {
          "branch": "master",
          "revision": "b95c306e268f90e96efe76dce354192f4ea8d716",
          "version": null
        }
      },
      {
        "package": "DifferenceKit",
        "repositoryURL": "https://github.com/ra1028/DifferenceKit",
        "state": {
          "branch": "master",
          "revision": "4eb31f8e85e4cb13732f9664d6e01e507cd592a0",
          "version": null
        }
      },
      {
        "package": "TestUtil",
        "repositoryURL": "https://github.com/eonil/swift-test-util",
        "state": {
          "branch": "master",
          "revision": "d23c5f342bba20b496720e255c2c9163698fa618",
          "version": null
        }
      },
      {
        "package": "Tree",
        "repositoryURL": "https://github.com/eonil/swift-tree",
        "state": {
          "branch": "master",
          "revision": "12f51fce6be86dd4ba9617cb4a4bb619c80b5991",
          "version": null
        }
      }
    ]
  },
  "version": 1
}
