{
  "object": {
    "pins": [
      {
        "package": "BTree",
        "repositoryURL": "https://github.com/eonil/BTree",
        "state": {
          "branch": "master",
          "revision": "b95c306e268f90e96efe76dce354192f4ea8d716",
          "version": null
        }
      },
      {
        "package": "Tree",
        "repositoryURL": "https://github.com/eonil/swift-tree",
        "state": {
          "branch": "master",
          "revision": "959d93bb46059730e15d105b37d4c03ac4450707",
          "version": null
        }
      }
    ]
  },
  "version": 1
}
